// !$*UTF8*$!
{
	archiveVersion = 1;
	classes = {
	};
	objectVersion = 46;
	objects = {

/* Begin PBXBuildFile section */
		FB3C236E1E2B941A00019288 /* main.m in Sources */ = {isa = PBXBuildFile; fileRef = FB3C236D1E2B941A00019288 /* main.m */; };
		FB3C23711E2B941A00019288 /* SZAppDelegate.m in Sources */ = {isa = PBXBuildFile; fileRef = FB3C23701E2B941A00019288 /* SZAppDelegate.m */; };
		FB3C23791E2B941A00019288 /* Assets.xcassets in Resources */ = {isa = PBXBuildFile; fileRef = FB3C23781E2B941A00019288 /* Assets.xcassets */; };
		FB3C237C1E2B941A00019288 /* LaunchScreen.storyboard in Resources */ = {isa = PBXBuildFile; fileRef = FB3C237A1E2B941A00019288 /* LaunchScreen.storyboard */; };
		FB3C23861E2B950E00019288 /* SZMainVC.m in Sources */ = {isa = PBXBuildFile; fileRef = FB3C23841E2B950E00019288 /* SZMainVC.m */; };
		FB3C23871E2B950E00019288 /* SZMainVC.xib in Resources */ = {isa = PBXBuildFile; fileRef = FB3C23851E2B950E00019288 /* SZMainVC.xib */; };
		FB3C238C1E2B9FEE00019288 /* SZGameVC.m in Sources */ = {isa = PBXBuildFile; fileRef = FB3C238A1E2B9FEE00019288 /* SZGameVC.m */; };
		FB3C238D1E2B9FEE00019288 /* SZGameVC.xib in Resources */ = {isa = PBXBuildFile; fileRef = FB3C238B1E2B9FEE00019288 /* SZGameVC.xib */; };
		FB3C23B91E2BA04E00019288 /* Achievement.png in Resources */ = {isa = PBXBuildFile; fileRef = FB3C238F1E2BA04E00019288 /* Achievement.png */; };
		FB3C23BA1E2BA04E00019288 /* Achievement@2x.png in Resources */ = {isa = PBXBuildFile; fileRef = FB3C23901E2BA04E00019288 /* Achievement@2x.png */; };
		FB3C23BB1E2BA04E00019288 /* AchievementIcon.png in Resources */ = {isa = PBXBuildFile; fileRef = FB3C23911E2BA04E00019288 /* AchievementIcon.png */; };
		FB3C23BC1E2BA04E00019288 /* AchievementIcon@2x.png in Resources */ = {isa = PBXBuildFile; fileRef = FB3C23921E2BA04E00019288 /* AchievementIcon@2x.png */; };
		FB3C23BD1E2BA04E00019288 /* ArrowAchievements.png in Resources */ = {isa = PBXBuildFile; fileRef = FB3C23931E2BA04E00019288 /* ArrowAchievements.png */; };
		FB3C23BE1E2BA04E00019288 /* ArrowAchievements@2x.png in Resources */ = {isa = PBXBuildFile; fileRef = FB3C23941E2BA04E00019288 /* ArrowAchievements@2x.png */; };
		FB3C23BF1E2BA04E00019288 /* ArrowPlay.png in Resources */ = {isa = PBXBuildFile; fileRef = FB3C23951E2BA04E00019288 /* ArrowPlay.png */; };
		FB3C23C01E2BA04E00019288 /* ArrowPlay@2x.png in Resources */ = {isa = PBXBuildFile; fileRef = FB3C23961E2BA04E00019288 /* ArrowPlay@2x.png */; };
		FB3C23C11E2BA04E00019288 /* ArrowScores.png in Resources */ = {isa = PBXBuildFile; fileRef = FB3C23971E2BA04E00019288 /* ArrowScores.png */; };
		FB3C23C21E2BA04E00019288 /* ArrowScores@2x.png in Resources */ = {isa = PBXBuildFile; fileRef = FB3C23981E2BA04E00019288 /* ArrowScores@2x.png */; };
		FB3C23C31E2BA04E00019288 /* BackgroundDunes.png in Resources */ = {isa = PBXBuildFile; fileRef = FB3C23991E2BA04E00019288 /* BackgroundDunes.png */; };
		FB3C23C41E2BA04E00019288 /* BackgroundDunes@2x.png in Resources */ = {isa = PBXBuildFile; fileRef = FB3C239A1E2BA04E00019288 /* BackgroundDunes@2x.png */; };
		FB3C23C51E2BA04E00019288 /* CactusLarge.png in Resources */ = {isa = PBXBuildFile; fileRef = FB3C239B1E2BA04E00019288 /* CactusLarge.png */; };
		FB3C23C61E2BA04E00019288 /* CactusLarge@2x.png in Resources */ = {isa = PBXBuildFile; fileRef = FB3C239C1E2BA04E00019288 /* CactusLarge@2x.png */; };
		FB3C23C71E2BA04E00019288 /* CactusMed.png in Resources */ = {isa = PBXBuildFile; fileRef = FB3C239D1E2BA04E00019288 /* CactusMed.png */; };
		FB3C23C81E2BA04E00019288 /* CactusMed@2x.png in Resources */ = {isa = PBXBuildFile; fileRef = FB3C239E1E2BA04E00019288 /* CactusMed@2x.png */; };
		FB3C23C91E2BA04E00019288 /* CactusSmall.png in Resources */ = {isa = PBXBuildFile; fileRef = FB3C239F1E2BA04E00019288 /* CactusSmall.png */; };
		FB3C23CA1E2BA04E00019288 /* CactusSmall@2x.png in Resources */ = {isa = PBXBuildFile; fileRef = FB3C23A01E2BA04E00019288 /* CactusSmall@2x.png */; };
		FB3C23CB1E2BA04E00019288 /* Dune1.png in Resources */ = {isa = PBXBuildFile; fileRef = FB3C23A11E2BA04E00019288 /* Dune1.png */; };
		FB3C23CC1E2BA04E00019288 /* Dune1@2x.png in Resources */ = {isa = PBXBuildFile; fileRef = FB3C23A21E2BA04E00019288 /* Dune1@2x.png */; };
		FB3C23CD1E2BA04E00019288 /* Dune2.png in Resources */ = {isa = PBXBuildFile; fileRef = FB3C23A31E2BA04E00019288 /* Dune2.png */; };
		FB3C23CE1E2BA04E00019288 /* Dune2@2x.png in Resources */ = {isa = PBXBuildFile; fileRef = FB3C23A41E2BA04E00019288 /* Dune2@2x.png */; };
		FB3C23CF1E2BA04E00019288 /* Dune3.png in Resources */ = {isa = PBXBuildFile; fileRef = FB3C23A51E2BA04E00019288 /* Dune3.png */; };
		FB3C23D01E2BA04E00019288 /* Dune3@2x.png in Resources */ = {isa = PBXBuildFile; fileRef = FB3C23A61E2BA04E00019288 /* Dune3@2x.png */; };
		FB3C23D11E2BA04E00019288 /* heart.png in Resources */ = {isa = PBXBuildFile; fileRef = FB3C23A71E2BA04E00019288 /* heart.png */; };
		FB3C23D21E2BA04E00019288 /* heart@2x.png in Resources */ = {isa = PBXBuildFile; fileRef = FB3C23A81E2BA04E00019288 /* heart@2x.png */; };
		FB3C23D31E2BA04E00019288 /* HidingCacLeft.png in Resources */ = {isa = PBXBuildFile; fileRef = FB3C23A91E2BA04E00019288 /* HidingCacLeft.png */; };
		FB3C23D41E2BA04E00019288 /* HidingCacLeft@2x.png in Resources */ = {isa = PBXBuildFile; fileRef = FB3C23AA1E2BA04E00019288 /* HidingCacLeft@2x.png */; };
		FB3C23D51E2BA04E00019288 /* HidingCacRight.png in Resources */ = {isa = PBXBuildFile; fileRef = FB3C23AB1E2BA04E00019288 /* HidingCacRight.png */; };
		FB3C23D61E2BA04E00019288 /* HidingCacRight@2x.png in Resources */ = {isa = PBXBuildFile; fileRef = FB3C23AC1E2BA04E00019288 /* HidingCacRight@2x.png */; };
		FB3C23D71E2BA04E00019288 /* MockupHome.png in Resources */ = {isa = PBXBuildFile; fileRef = FB3C23AD1E2BA04E00019288 /* MockupHome.png */; };
		FB3C23D81E2BA04E00019288 /* MockupPlay.png in Resources */ = {isa = PBXBuildFile; fileRef = FB3C23AE1E2BA04E00019288 /* MockupPlay.png */; };
		FB3C23D91E2BA04E00019288 /* Pause.png in Resources */ = {isa = PBXBuildFile; fileRef = FB3C23AF1E2BA04E00019288 /* Pause.png */; };
		FB3C23DA1E2BA04E00019288 /* Pause@2x.png in Resources */ = {isa = PBXBuildFile; fileRef = FB3C23B01E2BA04E00019288 /* Pause@2x.png */; };
		FB3C23DB1E2BA04E00019288 /* PausePressed.png in Resources */ = {isa = PBXBuildFile; fileRef = FB3C23B11E2BA04E00019288 /* PausePressed.png */; };
		FB3C23DC1E2BA04E00019288 /* PausePressed@2x.png in Resources */ = {isa = PBXBuildFile; fileRef = FB3C23B21E2BA04E00019288 /* PausePressed@2x.png */; };
		FB3C23DD1E2BA04E00019288 /* Pole.png in Resources */ = {isa = PBXBuildFile; fileRef = FB3C23B31E2BA04E00019288 /* Pole.png */; };
		FB3C23DE1E2BA04E00019288 /* Pole@2x.png in Resources */ = {isa = PBXBuildFile; fileRef = FB3C23B41E2BA04E00019288 /* Pole@2x.png */; };
		FB3C23DF1E2BA04E00019288 /* Score.png in Resources */ = {isa = PBXBuildFile; fileRef = FB3C23B51E2BA04E00019288 /* Score.png */; };
		FB3C23E01E2BA04E00019288 /* Score@2x.png in Resources */ = {isa = PBXBuildFile; fileRef = FB3C23B61E2BA04E00019288 /* Score@2x.png */; };
		FB3C23E11E2BA04E00019288 /* Title.png in Resources */ = {isa = PBXBuildFile; fileRef = FB3C23B71E2BA04E00019288 /* Title.png */; };
		FB3C23E21E2BA04E00019288 /* Title@2x.png in Resources */ = {isa = PBXBuildFile; fileRef = FB3C23B81E2BA04E00019288 /* Title@2x.png */; };
/* End PBXBuildFile section */

/* Begin PBXFileReference section */
		FB3C23691E2B941A00019288 /* CactusLeaderBoard.app */ = {isa = PBXFileReference; explicitFileType = wrapper.application; includeInIndex = 0; path = CactusLeaderBoard.app; sourceTree = BUILT_PRODUCTS_DIR; };
		FB3C236D1E2B941A00019288 /* main.m */ = {isa = PBXFileReference; lastKnownFileType = sourcecode.c.objc; path = main.m; sourceTree = "<group>"; };
		FB3C236F1E2B941A00019288 /* SZAppDelegate.h */ = {isa = PBXFileReference; lastKnownFileType = sourcecode.c.h; path = SZAppDelegate.h; sourceTree = "<group>"; };
		FB3C23701E2B941A00019288 /* SZAppDelegate.m */ = {isa = PBXFileReference; lastKnownFileType = sourcecode.c.objc; path = SZAppDelegate.m; sourceTree = "<group>"; };
		FB3C23781E2B941A00019288 /* Assets.xcassets */ = {isa = PBXFileReference; lastKnownFileType = folder.assetcatalog; path = Assets.xcassets; sourceTree = "<group>"; };
		FB3C237B1E2B941A00019288 /* Base */ = {isa = PBXFileReference; lastKnownFileType = file.storyboard; name = Base; path = Base.lproj/LaunchScreen.storyboard; sourceTree = "<group>"; };
		FB3C237D1E2B941A00019288 /* Info.plist */ = {isa = PBXFileReference; lastKnownFileType = text.plist.xml; path = Info.plist; sourceTree = "<group>"; };
		FB3C23831E2B950E00019288 /* SZMainVC.h */ = {isa = PBXFileReference; fileEncoding = 4; lastKnownFileType = sourcecode.c.h; path = SZMainVC.h; sourceTree = "<group>"; };
		FB3C23841E2B950E00019288 /* SZMainVC.m */ = {isa = PBXFileReference; fileEncoding = 4; lastKnownFileType = sourcecode.c.objc; path = SZMainVC.m; sourceTree = "<group>"; };
		FB3C23851E2B950E00019288 /* SZMainVC.xib */ = {isa = PBXFileReference; fileEncoding = 4; lastKnownFileType = file.xib; path = SZMainVC.xib; sourceTree = "<group>"; };
		FB3C23881E2B95C100019288 /* PrefixHeader.pch */ = {isa = PBXFileReference; lastKnownFileType = sourcecode.c.h; path = PrefixHeader.pch; sourceTree = "<group>"; };
		FB3C23891E2B9FEE00019288 /* SZGameVC.h */ = {isa = PBXFileReference; fileEncoding = 4; lastKnownFileType = sourcecode.c.h; path = SZGameVC.h; sourceTree = "<group>"; };
		FB3C238A1E2B9FEE00019288 /* SZGameVC.m */ = {isa = PBXFileReference; fileEncoding = 4; lastKnownFileType = sourcecode.c.objc; path = SZGameVC.m; sourceTree = "<group>"; };
		FB3C238B1E2B9FEE00019288 /* SZGameVC.xib */ = {isa = PBXFileReference; fileEncoding = 4; lastKnownFileType = file.xib; path = SZGameVC.xib; sourceTree = "<group>"; };
		FB3C238F1E2BA04E00019288 /* Achievement.png */ = {isa = PBXFileReference; lastKnownFileType = image.png; path = Achievement.png; sourceTree = "<group>"; };
		FB3C23901E2BA04E00019288 /* Achievement@2x.png */ = {isa = PBXFileReference; lastKnownFileType = image.png; path = "Achievement@2x.png"; sourceTree = "<group>"; };
		FB3C23911E2BA04E00019288 /* AchievementIcon.png */ = {isa = PBXFileReference; lastKnownFileType = image.png; path = AchievementIcon.png; sourceTree = "<group>"; };
		FB3C23921E2BA04E00019288 /* AchievementIcon@2x.png */ = {isa = PBXFileReference; lastKnownFileType = image.png; path = "AchievementIcon@2x.png"; sourceTree = "<group>"; };
		FB3C23931E2BA04E00019288 /* ArrowAchievements.png */ = {isa = PBXFileReference; lastKnownFileType = image.png; path = ArrowAchievements.png; sourceTree = "<group>"; };
		FB3C23941E2BA04E00019288 /* ArrowAchievements@2x.png */ = {isa = PBXFileReference; lastKnownFileType = image.png; path = "ArrowAchievements@2x.png"; sourceTree = "<group>"; };
		FB3C23951E2BA04E00019288 /* ArrowPlay.png */ = {isa = PBXFileReference; lastKnownFileType = image.png; path = ArrowPlay.png; sourceTree = "<group>"; };
		FB3C23961E2BA04E00019288 /* ArrowPlay@2x.png */ = {isa = PBXFileReference; lastKnownFileType = image.png; path = "ArrowPlay@2x.png"; sourceTree = "<group>"; };
		FB3C23971E2BA04E00019288 /* ArrowScores.png */ = {isa = PBXFileReference; lastKnownFileType = image.png; path = ArrowScores.png; sourceTree = "<group>"; };
		FB3C23981E2BA04E00019288 /* ArrowScores@2x.png */ = {isa = PBXFileReference; lastKnownFileType = image.png; path = "ArrowScores@2x.png"; sourceTree = "<group>"; };
		FB3C23991E2BA04E00019288 /* BackgroundDunes.png */ = {isa = PBXFileReference; lastKnownFileType = image.png; path = BackgroundDunes.png; sourceTree = "<group>"; };
		FB3C239A1E2BA04E00019288 /* BackgroundDunes@2x.png */ = {isa = PBXFileReference; lastKnownFileType = image.png; path = "BackgroundDunes@2x.png"; sourceTree = "<group>"; };
		FB3C239B1E2BA04E00019288 /* CactusLarge.png */ = {isa = PBXFileReference; lastKnownFileType = image.png; path = CactusLarge.png; sourceTree = "<group>"; };
		FB3C239C1E2BA04E00019288 /* CactusLarge@2x.png */ = {isa = PBXFileReference; lastKnownFileType = image.png; path = "CactusLarge@2x.png"; sourceTree = "<group>"; };
		FB3C239D1E2BA04E00019288 /* CactusMed.png */ = {isa = PBXFileReference; lastKnownFileType = image.png; path = CactusMed.png; sourceTree = "<group>"; };
		FB3C239E1E2BA04E00019288 /* CactusMed@2x.png */ = {isa = PBXFileReference; lastKnownFileType = image.png; path = "CactusMed@2x.png"; sourceTree = "<group>"; };
		FB3C239F1E2BA04E00019288 /* CactusSmall.png */ = {isa = PBXFileReference; lastKnownFileType = image.png; path = CactusSmall.png; sourceTree = "<group>"; };
		FB3C23A01E2BA04E00019288 /* CactusSmall@2x.png */ = {isa = PBXFileReference; lastKnownFileType = image.png; path = "CactusSmall@2x.png"; sourceTree = "<group>"; };
		FB3C23A11E2BA04E00019288 /* Dune1.png */ = {isa = PBXFileReference; lastKnownFileType = image.png; path = Dune1.png; sourceTree = "<group>"; };
		FB3C23A21E2BA04E00019288 /* Dune1@2x.png */ = {isa = PBXFileReference; lastKnownFileType = image.png; path = "Dune1@2x.png"; sourceTree = "<group>"; };
		FB3C23A31E2BA04E00019288 /* Dune2.png */ = {isa = PBXFileReference; lastKnownFileType = image.png; path = Dune2.png; sourceTree = "<group>"; };
		FB3C23A41E2BA04E00019288 /* Dune2@2x.png */ = {isa = PBXFileReference; lastKnownFileType = image.png; path = "Dune2@2x.png"; sourceTree = "<group>"; };
		FB3C23A51E2BA04E00019288 /* Dune3.png */ = {isa = PBXFileReference; lastKnownFileType = image.png; path = Dune3.png; sourceTree = "<group>"; };
		FB3C23A61E2BA04E00019288 /* Dune3@2x.png */ = {isa = PBXFileReference; lastKnownFileType = image.png; path = "Dune3@2x.png"; sourceTree = "<group>"; };
		FB3C23A71E2BA04E00019288 /* heart.png */ = {isa = PBXFileReference; lastKnownFileType = image.png; path = heart.png; sourceTree = "<group>"; };
		FB3C23A81E2BA04E00019288 /* heart@2x.png */ = {isa = PBXFileReference; lastKnownFileType = image.png; path = "heart@2x.png"; sourceTree = "<group>"; };
		FB3C23A91E2BA04E00019288 /* HidingCacLeft.png */ = {isa = PBXFileReference; lastKnownFileType = image.png; path = HidingCacLeft.png; sourceTree = "<group>"; };
		FB3C23AA1E2BA04E00019288 /* HidingCacLeft@2x.png */ = {isa = PBXFileReference; lastKnownFileType = image.png; path = "HidingCacLeft@2x.png"; sourceTree = "<group>"; };
		FB3C23AB1E2BA04E00019288 /* HidingCacRight.png */ = {isa = PBXFileReference; lastKnownFileType = image.png; path = HidingCacRight.png; sourceTree = "<group>"; };
		FB3C23AC1E2BA04E00019288 /* HidingCacRight@2x.png */ = {isa = PBXFileReference; lastKnownFileType = image.png; path = "HidingCacRight@2x.png"; sourceTree = "<group>"; };
		FB3C23AD1E2BA04E00019288 /* MockupHome.png */ = {isa = PBXFileReference; lastKnownFileType = image.png; path = MockupHome.png; sourceTree = "<group>"; };
		FB3C23AE1E2BA04E00019288 /* MockupPlay.png */ = {isa = PBXFileReference; lastKnownFileType = image.png; path = MockupPlay.png; sourceTree = "<group>"; };
		FB3C23AF1E2BA04E00019288 /* Pause.png */ = {isa = PBXFileReference; lastKnownFileType = image.png; path = Pause.png; sourceTree = "<group>"; };
		FB3C23B01E2BA04E00019288 /* Pause@2x.png */ = {isa = PBXFileReference; lastKnownFileType = image.png; path = "Pause@2x.png"; sourceTree = "<group>"; };
		FB3C23B11E2BA04E00019288 /* PausePressed.png */ = {isa = PBXFileReference; lastKnownFileType = image.png; path = PausePressed.png; sourceTree = "<group>"; };
		FB3C23B21E2BA04E00019288 /* PausePressed@2x.png */ = {isa = PBXFileReference; lastKnownFileType = image.png; path = "PausePressed@2x.png"; sourceTree = "<group>"; };
		FB3C23B31E2BA04E00019288 /* Pole.png */ = {isa = PBXFileReference; lastKnownFileType = image.png; path = Pole.png; sourceTree = "<group>"; };
		FB3C23B41E2BA04E00019288 /* Pole@2x.png */ = {isa = PBXFileReference; lastKnownFileType = image.png; path = "Pole@2x.png"; sourceTree = "<group>"; };
		FB3C23B51E2BA04E00019288 /* Score.png */ = {isa = PBXFileReference; lastKnownFileType = image.png; path = Score.png; sourceTree = "<group>"; };
		FB3C23B61E2BA04E00019288 /* Score@2x.png */ = {isa = PBXFileReference; lastKnownFileType = image.png; path = "Score@2x.png"; sourceTree = "<group>"; };
		FB3C23B71E2BA04E00019288 /* Title.png */ = {isa = PBXFileReference; lastKnownFileType = image.png; path = Title.png; sourceTree = "<group>"; };
		FB3C23B81E2BA04E00019288 /* Title@2x.png */ = {isa = PBXFileReference; lastKnownFileType = image.png; path = "Title@2x.png"; sourceTree = "<group>"; };
/* End PBXFileReference section */

/* Begin PBXFrameworksBuildPhase section */
		FB3C23661E2B941A00019288 /* Frameworks */ = {
			isa = PBXFrameworksBuildPhase;
			buildActionMask = 2147483647;
			files = (
			);
			runOnlyForDeploymentPostprocessing = 0;
		};
/* End PBXFrameworksBuildPhase section */

/* Begin PBXGroup section */
		FB3C23601E2B941A00019288 = {
			isa = PBXGroup;
			children = (
				FB3C236B1E2B941A00019288 /* CactusLeaderBoard */,
				FB3C236A1E2B941A00019288 /* Products */,
			);
			sourceTree = "<group>";
		};
		FB3C236A1E2B941A00019288 /* Products */ = {
			isa = PBXGroup;
			children = (
				FB3C23691E2B941A00019288 /* CactusLeaderBoard.app */,
			);
			name = Products;
			sourceTree = "<group>";
		};
		FB3C236B1E2B941A00019288 /* CactusLeaderBoard */ = {
			isa = PBXGroup;
			children = (
				FB3C236F1E2B941A00019288 /* SZAppDelegate.h */,
				FB3C23701E2B941A00019288 /* SZAppDelegate.m */,
				FB3C23831E2B950E00019288 /* SZMainVC.h */,
				FB3C23841E2B950E00019288 /* SZMainVC.m */,
				FB3C23851E2B950E00019288 /* SZMainVC.xib */,
				FB3C23891E2B9FEE00019288 /* SZGameVC.h */,
				FB3C238A1E2B9FEE00019288 /* SZGameVC.m */,
				FB3C238B1E2B9FEE00019288 /* SZGameVC.xib */,
				FB3C23781E2B941A00019288 /* Assets.xcassets */,
				FB3C237A1E2B941A00019288 /* LaunchScreen.storyboard */,
				FB3C237D1E2B941A00019288 /* Info.plist */,
				FB3C238E1E2BA04E00019288 /* Art Assets */,
				FB3C236C1E2B941A00019288 /* Supporting Files */,
			);
			path = CactusLeaderBoard;
			sourceTree = "<group>";
		};
		FB3C236C1E2B941A00019288 /* Supporting Files */ = {
			isa = PBXGroup;
			children = (
				FB3C236D1E2B941A00019288 /* main.m */,
				FB3C23881E2B95C100019288 /* PrefixHeader.pch */,
			);
			name = "Supporting Files";
			sourceTree = "<group>";
		};
		FB3C238E1E2BA04E00019288 /* Art Assets */ = {
			isa = PBXGroup;
			children = (
				FB3C238F1E2BA04E00019288 /* Achievement.png */,
				FB3C23901E2BA04E00019288 /* Achievement@2x.png */,
				FB3C23911E2BA04E00019288 /* AchievementIcon.png */,
				FB3C23921E2BA04E00019288 /* AchievementIcon@2x.png */,
				FB3C23931E2BA04E00019288 /* ArrowAchievements.png */,
				FB3C23941E2BA04E00019288 /* ArrowAchievements@2x.png */,
				FB3C23951E2BA04E00019288 /* ArrowPlay.png */,
				FB3C23961E2BA04E00019288 /* ArrowPlay@2x.png */,
				FB3C23971E2BA04E00019288 /* ArrowScores.png */,
				FB3C23981E2BA04E00019288 /* ArrowScores@2x.png */,
				FB3C23991E2BA04E00019288 /* BackgroundDunes.png */,
				FB3C239A1E2BA04E00019288 /* BackgroundDunes@2x.png */,
				FB3C239B1E2BA04E00019288 /* CactusLarge.png */,
				FB3C239C1E2BA04E00019288 /* CactusLarge@2x.png */,
				FB3C239D1E2BA04E00019288 /* CactusMed.png */,
				FB3C239E1E2BA04E00019288 /* CactusMed@2x.png */,
				FB3C239F1E2BA04E00019288 /* CactusSmall.png */,
				FB3C23A01E2BA04E00019288 /* CactusSmall@2x.png */,
				FB3C23A11E2BA04E00019288 /* Dune1.png */,
				FB3C23A21E2BA04E00019288 /* Dune1@2x.png */,
				FB3C23A31E2BA04E00019288 /* Dune2.png */,
				FB3C23A41E2BA04E00019288 /* Dune2@2x.png */,
				FB3C23A51E2BA04E00019288 /* Dune3.png */,
				FB3C23A61E2BA04E00019288 /* Dune3@2x.png */,
				FB3C23A71E2BA04E00019288 /* heart.png */,
				FB3C23A81E2BA04E00019288 /* heart@2x.png */,
				FB3C23A91E2BA04E00019288 /* HidingCacLeft.png */,
				FB3C23AA1E2BA04E00019288 /* HidingCacLeft@2x.png */,
				FB3C23AB1E2BA04E00019288 /* HidingCacRight.png */,
				FB3C23AC1E2BA04E00019288 /* HidingCacRight@2x.png */,
				FB3C23AD1E2BA04E00019288 /* MockupHome.png */,
				FB3C23AE1E2BA04E00019288 /* MockupPlay.png */,
				FB3C23AF1E2BA04E00019288 /* Pause.png */,
				FB3C23B01E2BA04E00019288 /* Pause@2x.png */,
				FB3C23B11E2BA04E00019288 /* PausePressed.png */,
				FB3C23B21E2BA04E00019288 /* PausePressed@2x.png */,
				FB3C23B31E2BA04E00019288 /* Pole.png */,
				FB3C23B41E2BA04E00019288 /* Pole@2x.png */,
				FB3C23B51E2BA04E00019288 /* Score.png */,
				FB3C23B61E2BA04E00019288 /* Score@2x.png */,
				FB3C23B71E2BA04E00019288 /* Title.png */,
				FB3C23B81E2BA04E00019288 /* Title@2x.png */,
			);
			path = "Art Assets";
			sourceTree = "<group>";
		};
/* End PBXGroup section */

/* Begin PBXNativeTarget section */
		FB3C23681E2B941A00019288 /* CactusLeaderBoard */ = {
			isa = PBXNativeTarget;
			buildConfigurationList = FB3C23801E2B941A00019288 /* Build configuration list for PBXNativeTarget "CactusLeaderBoard" */;
			buildPhases = (
				FB3C23651E2B941A00019288 /* Sources */,
				FB3C23661E2B941A00019288 /* Frameworks */,
				FB3C23671E2B941A00019288 /* Resources */,
			);
			buildRules = (
			);
			dependencies = (
			);
			name = CactusLeaderBoard;
			productName = CactusLeaderBoard;
			productReference = FB3C23691E2B941A00019288 /* CactusLeaderBoard.app */;
			productType = "com.apple.product-type.application";
		};
/* End PBXNativeTarget section */

/* Begin PBXProject section */
		FB3C23611E2B941A00019288 /* Project object */ = {
			isa = PBXProject;
			attributes = {
				CLASSPREFIX = SZ;
				LastUpgradeCheck = 0800;
				ORGANIZATIONNAME = ronghua_li;
				TargetAttributes = {
					FB3C23681E2B941A00019288 = {
						CreatedOnToolsVersion = 8.0;
						DevelopmentTeam = W95B5QABWP;
						ProvisioningStyle = Automatic;
					};
				};
			};
			buildConfigurationList = FB3C23641E2B941A00019288 /* Build configuration list for PBXProject "CactusLeaderBoard" */;
			compatibilityVersion = "Xcode 3.2";
			developmentRegion = English;
			hasScannedForEncodings = 0;
			knownRegions = (
				en,
				Base,
			);
			mainGroup = FB3C23601E2B941A00019288;
			productRefGroup = FB3C236A1E2B941A00019288 /* Products */;
			projectDirPath = "";
			projectRoot = "";
			targets = (
				FB3C23681E2B941A00019288 /* CactusLeaderBoard */,
			);
		};
/* End PBXProject section */

/* Begin PBXResourcesBuildPhase section */
		FB3C23671E2B941A00019288 /* Resources */ = {
			isa = PBXResourcesBuildPhase;
			buildActionMask = 2147483647;
			files = (
				FB3C23DE1E2BA04E00019288 /* Pole@2x.png in Resources */,
				FB3C23E21E2BA04E00019288 /* Title@2x.png in Resources */,
				FB3C23871E2B950E00019288 /* SZMainVC.xib in Resources */,
				FB3C23DA1E2BA04E00019288 /* Pause@2x.png in Resources */,
				FB3C23CE1E2BA04E00019288 /* Dune2@2x.png in Resources */,
				FB3C23C11E2BA04E00019288 /* ArrowScores.png in Resources */,
				FB3C23C81E2BA04E00019288 /* CactusMed@2x.png in Resources */,
				FB3C23E11E2BA04E00019288 /* Title.png in Resources */,
				FB3C23D61E2BA04E00019288 /* HidingCacRight@2x.png in Resources */,
				FB3C23C41E2BA04E00019288 /* BackgroundDunes@2x.png in Resources */,
				FB3C23D81E2BA04E00019288 /* MockupPlay.png in Resources */,
				FB3C23CF1E2BA04E00019288 /* Dune3.png in Resources */,
				FB3C23DD1E2BA04E00019288 /* Pole.png in Resources */,
				FB3C23C31E2BA04E00019288 /* BackgroundDunes.png in Resources */,
				FB3C23BD1E2BA04E00019288 /* ArrowAchievements.png in Resources */,
				FB3C23C01E2BA04E00019288 /* ArrowPlay@2x.png in Resources */,
				FB3C23DC1E2BA04E00019288 /* PausePressed@2x.png in Resources */,
				FB3C23C51E2BA04E00019288 /* CactusLarge.png in Resources */,
				FB3C238D1E2B9FEE00019288 /* SZGameVC.xib in Resources */,
				FB3C23BA1E2BA04E00019288 /* Achievement@2x.png in Resources */,
				FB3C23BB1E2BA04E00019288 /* AchievementIcon.png in Resources */,
				FB3C23CB1E2BA04E00019288 /* Dune1.png in Resources */,
				FB3C23C21E2BA04E00019288 /* ArrowScores@2x.png in Resources */,
				FB3C23C71E2BA04E00019288 /* CactusMed.png in Resources */,
				FB3C23D11E2BA04E00019288 /* heart.png in Resources */,
				FB3C23D51E2BA04E00019288 /* HidingCacRight.png in Resources */,
				FB3C23D01E2BA04E00019288 /* Dune3@2x.png in Resources */,
				FB3C23DF1E2BA04E00019288 /* Score.png in Resources */,
				FB3C237C1E2B941A00019288 /* LaunchScreen.storyboard in Resources */,
				FB3C23DB1E2BA04E00019288 /* PausePressed.png in Resources */,
				FB3C23BF1E2BA04E00019288 /* ArrowPlay.png in Resources */,
				FB3C23D71E2BA04E00019288 /* MockupHome.png in Resources */,
				FB3C23BC1E2BA04E00019288 /* AchievementIcon@2x.png in Resources */,
				FB3C23C91E2BA04E00019288 /* CactusSmall.png in Resources */,
				FB3C23D41E2BA04E00019288 /* HidingCacLeft@2x.png in Resources */,
				FB3C23CA1E2BA04E00019288 /* CactusSmall@2x.png in Resources */,
				FB3C23791E2B941A00019288 /* Assets.xcassets in Resources */,
				FB3C23D91E2BA04E00019288 /* Pause.png in Resources */,
				FB3C23BE1E2BA04E00019288 /* ArrowAchievements@2x.png in Resources */,
				FB3C23E01E2BA04E00019288 /* Score@2x.png in Resources */,
				FB3C23B91E2BA04E00019288 /* Achievement.png in Resources */,
				FB3C23CC1E2BA04E00019288 /* Dune1@2x.png in Resources */,
				FB3C23D21E2BA04E00019288 /* heart@2x.png in Resources */,
				FB3C23D31E2BA04E00019288 /* HidingCacLeft.png in Resources */,
				FB3C23C61E2BA04E00019288 /* CactusLarge@2x.png in Resources */,
				FB3C23CD1E2BA04E00019288 /* Dune2.png in Resources */,
			);
			runOnlyForDeploymentPostprocessing = 0;
		};
/* End PBXResourcesBuildPhase section */

/* Begin PBXSourcesBuildPhase section */
		FB3C23651E2B941A00019288 /* Sources */ = {
			isa = PBXSourcesBuildPhase;
			buildActionMask = 2147483647;
			files = (
				FB3C23711E2B941A00019288 /* SZAppDelegate.m in Sources */,
				FB3C238C1E2B9FEE00019288 /* SZGameVC.m in Sources */,
				FB3C236E1E2B941A00019288 /* main.m in Sources */,
				FB3C23861E2B950E00019288 /* SZMainVC.m in Sources */,
			);
			runOnlyForDeploymentPostprocessing = 0;
		};
/* End PBXSourcesBuildPhase section */

/* Begin PBXVariantGroup section */
		FB3C237A1E2B941A00019288 /* LaunchScreen.storyboard */ = {
			isa = PBXVariantGroup;
			children = (
				FB3C237B1E2B941A00019288 /* Base */,
			);
			name = LaunchScreen.storyboard;
			sourceTree = "<group>";
		};
/* End PBXVariantGroup section */

/* Begin XCBuildConfiguration section */
		FB3C237E1E2B941A00019288 /* Debug */ = {
			isa = XCBuildConfiguration;
			buildSettings = {
				ALWAYS_SEARCH_USER_PATHS = NO;
				CLANG_ANALYZER_NONNULL = YES;
				CLANG_CXX_LANGUAGE_STANDARD = "gnu++0x";
				CLANG_CXX_LIBRARY = "libc++";
				CLANG_ENABLE_MODULES = YES;
				CLANG_ENABLE_OBJC_ARC = YES;
				CLANG_WARN_BOOL_CONVERSION = YES;
				CLANG_WARN_CONSTANT_CONVERSION = YES;
				CLANG_WARN_DIRECT_OBJC_ISA_USAGE = YES_ERROR;
				CLANG_WARN_DOCUMENTATION_COMMENTS = YES;
				CLANG_WARN_EMPTY_BODY = YES;
				CLANG_WARN_ENUM_CONVERSION = YES;
				CLANG_WARN_INFINITE_RECURSION = YES;
				CLANG_WARN_INT_CONVERSION = YES;
				CLANG_WARN_OBJC_ROOT_CLASS = YES_ERROR;
				CLANG_WARN_SUSPICIOUS_MOVES = YES;
				CLANG_WARN_UNREACHABLE_CODE = YES;
				CLANG_WARN__DUPLICATE_METHOD_MATCH = YES;
				"CODE_SIGN_IDENTITY[sdk=iphoneos*]" = "iPhone Developer";
				COPY_PHASE_STRIP = NO;
				DEBUG_INFORMATION_FORMAT = dwarf;
				ENABLE_STRICT_OBJC_MSGSEND = YES;
				ENABLE_TESTABILITY = YES;
				GCC_C_LANGUAGE_STANDARD = gnu99;
				GCC_DYNAMIC_NO_PIC = NO;
				GCC_NO_COMMON_BLOCKS = YES;
				GCC_OPTIMIZATION_LEVEL = 0;
				GCC_PRECOMPILE_PREFIX_HEADER = NO;
				GCC_PREPROCESSOR_DEFINITIONS = (
					"DEBUG=1",
					"$(inherited)",
				);
				GCC_WARN_64_TO_32_BIT_CONVERSION = YES;
				GCC_WARN_ABOUT_RETURN_TYPE = YES_ERROR;
				GCC_WARN_UNDECLARED_SELECTOR = YES;
				GCC_WARN_UNINITIALIZED_AUTOS = YES_AGGRESSIVE;
				GCC_WARN_UNUSED_FUNCTION = YES;
				GCC_WARN_UNUSED_VARIABLE = YES;
				IPHONEOS_DEPLOYMENT_TARGET = 8.0;
				MTL_ENABLE_DEBUG_INFO = YES;
				ONLY_ACTIVE_ARCH = YES;
				SDKROOT = iphoneos;
			};
			name = Debug;
		};
		FB3C237F1E2B941A00019288 /* Release */ = {
			isa = XCBuildConfiguration;
			buildSettings = {
				ALWAYS_SEARCH_USER_PATHS = NO;
				CLANG_ANALYZER_NONNULL = YES;
				CLANG_CXX_LANGUAGE_STANDARD = "gnu++0x";
				CLANG_CXX_LIBRARY = "libc++";
				CLANG_ENABLE_MODULES = YES;
				CLANG_ENABLE_OBJC_ARC = YES;
				CLANG_WARN_BOOL_CONVERSION = YES;
				CLANG_WARN_CONSTANT_CONVERSION = YES;
				CLANG_WARN_DIRECT_OBJC_ISA_USAGE = YES_ERROR;
				CLANG_WARN_DOCUMENTATION_COMMENTS = YES;
				CLANG_WARN_EMPTY_BODY = YES;
				CLANG_WARN_ENUM_CONVERSION = YES;
				CLANG_WARN_INFINITE_RECURSION = YES;
				CLANG_WARN_INT_CONVERSION = YES;
				CLANG_WARN_OBJC_ROOT_CLASS = YES_ERROR;
				CLANG_WARN_SUSPICIOUS_MOVES = YES;
				CLANG_WARN_UNREACHABLE_CODE = YES;
				CLANG_WARN__DUPLICATE_METHOD_MATCH = YES;
				"CODE_SIGN_IDENTITY[sdk=iphoneos*]" = "iPhone Developer";
				COPY_PHASE_STRIP = NO;
				DEBUG_INFORMATION_FORMAT = "dwarf-with-dsym";
				ENABLE_NS_ASSERTIONS = NO;
				ENABLE_STRICT_OBJC_MSGSEND = YES;
				GCC_C_LANGUAGE_STANDARD = gnu99;
				GCC_NO_COMMON_BLOCKS = YES;
				GCC_WARN_64_TO_32_BIT_CONVERSION = YES;
				GCC_WARN_ABOUT_RETURN_TYPE = YES_ERROR;
				GCC_WARN_UNDECLARED_SELECTOR = YES;
				GCC_WARN_UNINITIALIZED_AUTOS = YES_AGGRESSIVE;
				GCC_WARN_UNUSED_FUNCTION = YES;
				GCC_WARN_UNUSED_VARIABLE = YES;
				IPHONEOS_DEPLOYMENT_TARGET = 8.0;
				MTL_ENABLE_DEBUG_INFO = NO;
				SDKROOT = iphoneos;
				VALIDATE_PRODUCT = YES;
			};
			name = Release;
		};
		FB3C23811E2B941A00019288 /* Debug */ = {
			isa = XCBuildConfiguration;
			buildSettings = {
				ASSETCATALOG_COMPILER_APPICON_NAME = AppIcon;
				DEVELOPMENT_TEAM = W95B5QABWP;
				GCC_PRECOMPILE_PREFIX_HEADER = YES;
				GCC_PREFIX_HEADER = "$(SRCROOT)/CactusLeaderBoard/PrefixHeader.pch";
				INFOPLIST_FILE = CactusLeaderBoard/Info.plist;
				LD_RUNPATH_SEARCH_PATHS = "$(inherited) @executable_path/Frameworks";
				PRODUCT_BUNDLE_IDENTIFIER = com.hitszcerc.CactusLeaderBoard;
				PRODUCT_NAME = "$(TARGET_NAME)";
			};
			name = Debug;
		};
		FB3C23821E2B941A00019288 /* Release */ = {
			isa = XCBuildConfiguration;
			buildSettings = {
				ASSETCATALOG_COMPILER_APPICON_NAME = AppIcon;
				DEVELOPMENT_TEAM = W95B5QABWP;
				GCC_PRECOMPILE_PREFIX_HEADER = YES;
				GCC_PREFIX_HEADER = "$(SRCROOT)/CactusLeaderBoard/PrefixHeader.pch";
				INFOPLIST_FILE = CactusLeaderBoard/Info.plist;
				LD_RUNPATH_SEARCH_PATHS = "$(inherited) @executable_path/Frameworks";
				PRODUCT_BUNDLE_IDENTIFIER = com.hitszcerc.CactusLeaderBoard;
				PRODUCT_NAME = "$(TARGET_NAME)";
			};
			name = Release;
		};
/* End XCBuildConfiguration section */

/* Begin XCConfigurationList section */
		FB3C23641E2B941A00019288 /* Build configuration list for PBXProject "CactusLeaderBoard" */ = {
			isa = XCConfigurationList;
			buildConfigurations = (
				FB3C237E1E2B941A00019288 /* Debug */,
				FB3C237F1E2B941A00019288 /* Release */,
			);
			defaultConfigurationIsVisible = 0;
			defaultConfigurationName = Debug;
		};
		FB3C23801E2B941A00019288 /* Build configuration list for PBXNativeTarget "CactusLeaderBoard" */ = {
			isa = XCConfigurationList;
			buildConfigurations = (
				FB3C23811E2B941A00019288 /* Debug */,
				FB3C23821E2B941A00019288 /* Release */,
			);
			defaultConfigurationIsVisible = 0;
			defaultConfigurationName = Debug;
		};
/* End XCConfigurationList section */
	};
	rootObject = FB3C23611E2B941A00019288 /* Project object */;
}
